# This file is automatically @generated by Cargo.
# It is not intended for manual editing.
version = 3

[[package]]
name = "anyhow"
version = "1.0.64"
source = "registry+https://github.com/rust-lang/crates.io-index"
checksum = "b9a8f622bcf6ff3df478e9deba3e03e4e04b300f8e6a139e192c05fa3490afc7"

[[package]]
name = "argh"
version = "0.1.8"
source = "registry+https://github.com/rust-lang/crates.io-index"
checksum = "a7e7e4aa7e40747e023c0761dafcb42333a9517575bbf1241747f68dd3177a62"
dependencies = [
 "argh_derive",
 "argh_shared",
]

[[package]]
name = "argh_derive"
version = "0.1.8"
source = "registry+https://github.com/rust-lang/crates.io-index"
checksum = "69f2bd7ff6ed6414f4e5521bd509bae46454bbd513801767ced3f21a751ab4bc"
dependencies = [
 "argh_shared",
 "heck",
 "proc-macro2",
 "quote",
 "syn",
]

[[package]]
name = "argh_shared"
version = "0.1.8"
source = "registry+https://github.com/rust-lang/crates.io-index"
checksum = "47253b98986dafc7a3e1cf3259194f1f47ac61abb57a57f46ec09e48d004ecda"

[[package]]
name = "bitflags"
version = "1.3.2"
source = "registry+https://github.com/rust-lang/crates.io-index"
checksum = "bef38d45163c2f1dde094a7dfd33ccf595c92905c8f8f4fdc18d06fb1037718a"

[[package]]
name = "block-buffer"
version = "0.10.2"
source = "registry+https://github.com/rust-lang/crates.io-index"
checksum = "0bf7fe51849ea569fd452f37822f606a5cabb684dc918707a0193fd4664ff324"
dependencies = [
 "generic-array",
]

[[package]]
name = "cc"
version = "1.0.73"
source = "registry+https://github.com/rust-lang/crates.io-index"
checksum = "2fff2a6927b3bb87f9595d67196a70493f627687a71d87a0d692242c33f58c11"

[[package]]
name = "cfg-if"
version = "1.0.0"
source = "registry+https://github.com/rust-lang/crates.io-index"
checksum = "baf1de4339761588bc0619e3cbc0120ee582ebb74b53b4efbf79117bd2da40fd"

[[package]]
name = "cpufeatures"
version = "0.2.2"
source = "registry+https://github.com/rust-lang/crates.io-index"
checksum = "59a6001667ab124aebae2a495118e11d30984c3a653e99d86d58971708cf5e4b"
dependencies = [
 "libc",
]

[[package]]
name = "crypto-common"
version = "0.1.3"
source = "registry+https://github.com/rust-lang/crates.io-index"
checksum = "57952ca27b5e3606ff4dd79b0020231aaf9d6aa76dc05fd30137538c50bd3ce8"
dependencies = [
 "generic-array",
 "typenum",
]

[[package]]
name = "digest"
version = "0.10.3"
source = "registry+https://github.com/rust-lang/crates.io-index"
checksum = "f2fb860ca6fafa5552fb6d0e816a69c8e49f0908bf524e30a90d97c85892d506"
dependencies = [
 "block-buffer",
 "crypto-common",
]

[[package]]
name = "dirs"
version = "4.0.0"
source = "registry+https://github.com/rust-lang/crates.io-index"
checksum = "ca3aa72a6f96ea37bbc5aa912f6788242832f75369bdfdadcb0e38423f100059"
dependencies = [
 "dirs-sys",
]

[[package]]
name = "dirs-sys"
version = "0.3.7"
source = "registry+https://github.com/rust-lang/crates.io-index"
checksum = "1b1d1d91c932ef41c0f2663aa8b0ca0342d444d842c06914aa0a7e352d0bada6"
dependencies = [
 "libc",
 "redox_users",
 "winapi",
]

[[package]]
name = "fastrand"
version = "1.7.0"
source = "registry+https://github.com/rust-lang/crates.io-index"
checksum = "c3fcf0cee53519c866c09b5de1f6c56ff9d647101f81c1964fa632e148896cdf"
dependencies = [
 "instant",
]

[[package]]
name = "filetime"
version = "0.2.16"
source = "registry+https://github.com/rust-lang/crates.io-index"
checksum = "c0408e2626025178a6a7f7ffc05a25bc47103229f19c113755de7bf63816290c"
dependencies = [
 "cfg-if",
 "libc",
 "redox_syscall",
 "winapi",
]

[[package]]
name = "generic-array"
version = "0.14.5"
source = "registry+https://github.com/rust-lang/crates.io-index"
checksum = "fd48d33ec7f05fbfa152300fdad764757cbded343c1aa1cff2fbaf4134851803"
dependencies = [
 "typenum",
 "version_check",
]

[[package]]
name = "getrandom"
version = "0.2.6"
source = "registry+https://github.com/rust-lang/crates.io-index"
checksum = "9be70c98951c83b8d2f8f60d7065fa6d5146873094452a1008da8c2f1e4205ad"
dependencies = [
 "cfg-if",
 "libc",
 "wasi",
]

[[package]]
name = "heck"
version = "0.3.3"
source = "registry+https://github.com/rust-lang/crates.io-index"
checksum = "6d621efb26863f0e9924c6ac577e8275e5e6b77455db64ffa6c65c904e9e132c"
dependencies = [
 "unicode-segmentation",
]

[[package]]
name = "instant"
version = "0.1.12"
source = "registry+https://github.com/rust-lang/crates.io-index"
checksum = "7a5bbe824c507c5da5956355e86a746d82e0e1464f65d862cc5e71da70e94b2c"
dependencies = [
 "cfg-if",
]

[[package]]
name = "lazy_static"
version = "1.4.0"
source = "registry+https://github.com/rust-lang/crates.io-index"
checksum = "e2abad23fbc42b3700f2f279844dc832adb2b2eb069b2df918f455c4e18cc646"

[[package]]
name = "libc"
version = "0.2.125"
source = "registry+https://github.com/rust-lang/crates.io-index"
checksum = "5916d2ae698f6de9bfb891ad7a8d65c09d232dc58cc4ac433c7da3b2fd84bc2b"

[[package]]
name = "lzma-sys"
version = "0.1.19"
source = "registry+https://github.com/rust-lang/crates.io-index"
checksum = "e06754c4acf47d49c727d5665ca9fb828851cda315ed3bd51edd148ef78a8772"
dependencies = [
 "cc",
 "libc",
 "pkg-config",
]

[[package]]
name = "pkg-config"
version = "0.3.25"
source = "registry+https://github.com/rust-lang/crates.io-index"
checksum = "1df8c4ec4b0627e53bdf214615ad287367e482558cf84b109250b37464dc03ae"

[[package]]
name = "proc-macro2"
version = "1.0.37"
source = "registry+https://github.com/rust-lang/crates.io-index"
checksum = "ec757218438d5fda206afc041538b2f6d889286160d649a86a24d37e1235afd1"
dependencies = [
 "unicode-xid",
]

[[package]]
name = "quote"
version = "1.0.18"
source = "registry+https://github.com/rust-lang/crates.io-index"
checksum = "a1feb54ed693b93a84e14094943b84b7c4eae204c512b7ccb95ab0c66d278ad1"
dependencies = [
 "proc-macro2",
]

[[package]]
name = "redox_syscall"
version = "0.2.13"
source = "registry+https://github.com/rust-lang/crates.io-index"
checksum = "62f25bc4c7e55e0b0b7a1d43fb893f4fa1361d0abe38b9ce4f323c2adfe6ef42"
dependencies = [
 "bitflags",
]

[[package]]
name = "redox_users"
version = "0.4.3"
source = "registry+https://github.com/rust-lang/crates.io-index"
checksum = "b033d837a7cf162d7993aded9304e30a83213c648b6e389db233191f891e5c2b"
dependencies = [
 "getrandom",
 "redox_syscall",
 "thiserror",
]

[[package]]
name = "remove_dir_all"
version = "0.5.3"
source = "registry+https://github.com/rust-lang/crates.io-index"
checksum = "3acd125665422973a33ac9d3dd2df85edad0f4ae9b00dafb1a05e43a9f5ef8e7"
dependencies = [
 "winapi",
]

[[package]]
name = "restack"
version = "0.6.0"
dependencies = [
 "anyhow",
 "argh",
 "dirs",
 "lazy_static",
 "restack-testtools",
 "tempfile",
]

[[package]]
name = "restack-testtools"
version = "0.1.0"
dependencies = [
 "anyhow",
 "lazy_static",
 "sha2",
 "tar",
 "tempfile",
 "xz2",
]

[[package]]
name = "sha2"
version = "0.10.5"
source = "registry+https://github.com/rust-lang/crates.io-index"
checksum = "cf9db03534dff993187064c4e0c05a5708d2a9728ace9a8959b77bedf415dac5"
dependencies = [
 "cfg-if",
 "cpufeatures",
 "digest",
]

[[package]]
name = "syn"
version = "1.0.92"
source = "registry+https://github.com/rust-lang/crates.io-index"
checksum = "7ff7c592601f11445996a06f8ad0c27f094a58857c2f89e97974ab9235b92c52"
dependencies = [
 "proc-macro2",
 "quote",
 "unicode-xid",
]

[[package]]
name = "tar"
version = "0.4.38"
source = "registry+https://github.com/rust-lang/crates.io-index"
checksum = "4b55807c0344e1e6c04d7c965f5289c39a8d94ae23ed5c0b57aabac549f871c6"
dependencies = [
 "filetime",
 "libc",
 "xattr",
]

[[package]]
name = "tempfile"
version = "3.3.0"
source = "registry+https://github.com/rust-lang/crates.io-index"
checksum = "5cdb1ef4eaeeaddc8fbd371e5017057064af0911902ef36b39801f67cc6d79e4"
dependencies = [
 "cfg-if",
 "fastrand",
 "libc",
 "redox_syscall",
 "remove_dir_all",
 "winapi",
]

[[package]]
name = "thiserror"
version = "1.0.31"
source = "registry+https://github.com/rust-lang/crates.io-index"
checksum = "bd829fe32373d27f76265620b5309d0340cb8550f523c1dda251d6298069069a"
dependencies = [
 "thiserror-impl",
]

[[package]]
name = "thiserror-impl"
version = "1.0.31"
source = "registry+https://github.com/rust-lang/crates.io-index"
checksum = "0396bc89e626244658bef819e22d0cc459e795a5ebe878e6ec336d1674a8d79a"
dependencies = [
 "proc-macro2",
 "quote",
 "syn",
]

[[package]]
name = "typenum"
version = "1.15.0"
source = "registry+https://github.com/rust-lang/crates.io-index"
checksum = "dcf81ac59edc17cc8697ff311e8f5ef2d99fcbd9817b34cec66f90b6c3dfd987"

[[package]]
name = "unicode-segmentation"
version = "1.9.0"
source = "registry+https://github.com/rust-lang/crates.io-index"
checksum = "7e8820f5d777f6224dc4be3632222971ac30164d4a258d595640799554ebfd99"

[[package]]
name = "unicode-xid"
version = "0.2.3"
source = "registry+https://github.com/rust-lang/crates.io-index"
checksum = "957e51f3646910546462e67d5f7599b9e4fb8acdd304b087a6494730f9eebf04"

[[package]]
name = "version_check"
version = "0.9.4"
source = "registry+https://github.com/rust-lang/crates.io-index"
checksum = "49874b5167b65d7193b8aba1567f5c7d93d001cafc34600cee003eda787e483f"

[[package]]
name = "wasi"
version = "0.10.2+wasi-snapshot-preview1"
source = "registry+https://github.com/rust-lang/crates.io-index"
checksum = "fd6fbd9a79829dd1ad0cc20627bf1ed606756a7f77edff7b66b7064f9cb327c6"

[[package]]
name = "winapi"
version = "0.3.9"
source = "registry+https://github.com/rust-lang/crates.io-index"
checksum = "5c839a674fcd7a98952e593242ea400abe93992746761e38641405d28b00f419"
dependencies = [
 "winapi-i686-pc-windows-gnu",
 "winapi-x86_64-pc-windows-gnu",
]

[[package]]
name = "winapi-i686-pc-windows-gnu"
version = "0.4.0"
source = "registry+https://github.com/rust-lang/crates.io-index"
checksum = "ac3b87c63620426dd9b991e5ce0329eff545bccbbb34f3be09ff6fb6ab51b7b6"

[[package]]
name = "winapi-x86_64-pc-windows-gnu"
version = "0.4.0"
source = "registry+https://github.com/rust-lang/crates.io-index"
checksum = "712e227841d057c1ee1cd2fb22fa7e5a5461ae8e48fa2ca79ec42cfc1931183f"

[[package]]
name = "xattr"
version = "0.2.3"
source = "registry+https://github.com/rust-lang/crates.io-index"
checksum = "6d1526bbe5aaeb5eb06885f4d987bcdfa5e23187055de9b83fe00156a821fabc"
dependencies = [
 "libc",
]

[[package]]
name = "xz2"
version = "0.1.7"
source = "registry+https://github.com/rust-lang/crates.io-index"
checksum = "388c44dc09d76f1536602ead6d325eb532f5c122f17782bd57fb47baeeb767e2"
dependencies = [
 "lzma-sys",
]
