hash: da7749a9d3b5234bfbc323c237558900340342f5f9eb6bba4584fb1a14d88277
updated: 2017-10-01T16:28:24.846448911-07:00
imports:
- name: go.uber.org/atomic
  version: 4e336646b2ef9fc6e47be8e21594178f98e5ebcf
- name: go.uber.org/multierr
  version: 3c4937480c32f4c13a875a1829af76c98ca3d40a
testImports: []
